
Microsoft Visual Studio Solution File, Format Version 12.00
# Visual Studio Version 16
VisualStudioVersion = 16.0.31410.357
MinimumVisualStudioVersion = 10.0.40219.1
Project("{9A19103F-16F7-4668-BE54-9A1E7A4F7556}") = "api-learning.msd", "api-learning\api-learning.msd.csproj", "{A452E66D-BB7A-4132-8119-077C754B40BF}"
EndProject
Global
	GlobalSection(SolutionConfigurationPlatforms) = preSolution
		Debug|Any CPU = Debug|Any CPU
		Release|Any CPU = Release|Any CPU
	EndGlobalSection
	GlobalSection(ProjectConfigurationPlatforms) = postSolution
		{A452E66D-BB7A-4132-8119-077C754B40BF}.Debug|Any CPU.ActiveCfg = Debug|Any CPU
		{A452E66D-BB7A-4132-8119-077C754B40BF}.Debug|Any CPU.Build.0 = Debug|Any CPU
		{A452E66D-BB7A-4132-8119-077C754B40BF}.Release|Any CPU.ActiveCfg = Release|Any CPU
		{A452E66D-BB7A-4132-8119-077C754B40BF}.Release|Any CPU.Build.0 = Release|Any CPU
	EndGlobalSection
	GlobalSection(SolutionProperties) = preSolution
		HideSolutionNode = FALSE
	EndGlobalSection
	GlobalSection(ExtensibilityGlobals) = postSolution
		SolutionGuid = {01ABFCF7-740B-4AA6-98BB-6A2FC89A2C17}
	EndGlobalSection
EndGlobal
